
Microsoft Visual Studio Solution File, Format Version 12.00
# Visual Studio 15
VisualStudioVersion = 15.0.27130.2003
MinimumVisualStudioVersion = 10.0.40219.1
Project("{FAE04EC0-301F-11D3-BF4B-00C04F79EFBC}") = "ServiceLibrary", "ServiceLibrary\ServiceLibrary.csproj", "{EF48389D-7257-41D6-9DCB-DA45B971473C}"
EndProject
Project("{FAE04EC0-301F-11D3-BF4B-00C04F79EFBC}") = "SocialNetwork", "SocialNetworks\SocialNetwork.csproj", "{280D122D-105B-4CC5-98B2-4AC0A8542258}"
EndProject
Project("{FAE04EC0-301F-11D3-BF4B-00C04F79EFBC}") = "BotsRestServices", "BotsRestServices\BotsRestServices.csproj", "{2E73841A-38A9-4101-ADC0-FE8F7326B395}"
EndProject
Project("{FAE04EC0-301F-11D3-BF4B-00C04F79EFBC}") = "ManageBotLibraries", "BotsLibrary\ManageBotLibraries.csproj", "{E26707AA-65A7-4A74-B21F-ADDB4567FE56}"
EndProject
Project("{FAE04EC0-301F-11D3-BF4B-00C04F79EFBC}") = "SharedObjectsLibrary", "SharedObjectsLibrary\SharedObjectsLibrary.csproj", "{86D2ADC8-EE70-434A-919A-2EDDEFDA2254}"
EndProject
Project("{2150E333-8FDC-42A3-9474-1A3956D46DE8}") = "BotLibraries", "BotLibraries", "{17A59194-0E5F-4582-9679-C045C0F96F61}"
EndProject
Project("{FAE04EC0-301F-11D3-BF4B-00C04F79EFBC}") = "ViberBotBaseLibrary", "ViberBaseLibrary\ViberBotBaseLibrary.csproj", "{17BA67A8-9FF1-4564-8B30-DBF9CE12D4C3}"
	ProjectSection(ProjectDependencies) = postProject
		{280D122D-105B-4CC5-98B2-4AC0A8542258} = {280D122D-105B-4CC5-98B2-4AC0A8542258}
		{EF48389D-7257-41D6-9DCB-DA45B971473C} = {EF48389D-7257-41D6-9DCB-DA45B971473C}
		{86D2ADC8-EE70-434A-919A-2EDDEFDA2254} = {86D2ADC8-EE70-434A-919A-2EDDEFDA2254}
	EndProjectSection
EndProject
Project("{FAE04EC0-301F-11D3-BF4B-00C04F79EFBC}") = "ViberBot1", "ViberBot1\ViberBot1.csproj", "{A40805C5-E24D-45E4-A540-FEBD7B437BBB}"
	ProjectSection(ProjectDependencies) = postProject
		{280D122D-105B-4CC5-98B2-4AC0A8542258} = {280D122D-105B-4CC5-98B2-4AC0A8542258}
		{EF48389D-7257-41D6-9DCB-DA45B971473C} = {EF48389D-7257-41D6-9DCB-DA45B971473C}
		{17BA67A8-9FF1-4564-8B30-DBF9CE12D4C3} = {17BA67A8-9FF1-4564-8B30-DBF9CE12D4C3}
		{86D2ADC8-EE70-434A-919A-2EDDEFDA2254} = {86D2ADC8-EE70-434A-919A-2EDDEFDA2254}
	EndProjectSection
EndProject
Project("{FAE04EC0-301F-11D3-BF4B-00C04F79EFBC}") = "TgBotBaseLibrary", "TgBotBaseLibrary\TgBotBaseLibrary.csproj", "{2254AE28-AA21-4F7D-A2BB-620D462269AF}"
	ProjectSection(ProjectDependencies) = postProject
		{280D122D-105B-4CC5-98B2-4AC0A8542258} = {280D122D-105B-4CC5-98B2-4AC0A8542258}
		{EF48389D-7257-41D6-9DCB-DA45B971473C} = {EF48389D-7257-41D6-9DCB-DA45B971473C}
		{86D2ADC8-EE70-434A-919A-2EDDEFDA2254} = {86D2ADC8-EE70-434A-919A-2EDDEFDA2254}
	EndProjectSection
EndProject
Project("{FAE04EC0-301F-11D3-BF4B-00C04F79EFBC}") = "TelegramBot1", "TelegramBot1\TelegramBot1.csproj", "{44060062-36EE-429C-B107-724178A8B575}"
	ProjectSection(ProjectDependencies) = postProject
		{2254AE28-AA21-4F7D-A2BB-620D462269AF} = {2254AE28-AA21-4F7D-A2BB-620D462269AF}
		{280D122D-105B-4CC5-98B2-4AC0A8542258} = {280D122D-105B-4CC5-98B2-4AC0A8542258}
		{EF48389D-7257-41D6-9DCB-DA45B971473C} = {EF48389D-7257-41D6-9DCB-DA45B971473C}
		{86D2ADC8-EE70-434A-919A-2EDDEFDA2254} = {86D2ADC8-EE70-434A-919A-2EDDEFDA2254}
	EndProjectSection
EndProject
Project("{FAE04EC0-301F-11D3-BF4B-00C04F79EFBC}") = "BotsBaseLibrary", "BotsBaseLibrary\BotsBaseLibrary.csproj", "{B8DBB5A0-D024-40CE-AD32-2F70E5BD7980}"
EndProject
Project("{FAE04EC0-301F-11D3-BF4B-00C04F79EFBC}") = "TestConsole", "TestConsole\TestConsole.csproj", "{BBAF8B2D-C656-40BA-A1F7-3A5BA542B900}"
EndProject
Global
	GlobalSection(SolutionConfigurationPlatforms) = preSolution
		Debug|Any CPU = Debug|Any CPU
		Release|Any CPU = Release|Any CPU
	EndGlobalSection
	GlobalSection(ProjectConfigurationPlatforms) = postSolution
		{EF48389D-7257-41D6-9DCB-DA45B971473C}.Debug|Any CPU.ActiveCfg = Debug|Any CPU
		{EF48389D-7257-41D6-9DCB-DA45B971473C}.Debug|Any CPU.Build.0 = Debug|Any CPU
		{EF48389D-7257-41D6-9DCB-DA45B971473C}.Release|Any CPU.ActiveCfg = Release|Any CPU
		{EF48389D-7257-41D6-9DCB-DA45B971473C}.Release|Any CPU.Build.0 = Release|Any CPU
		{280D122D-105B-4CC5-98B2-4AC0A8542258}.Debug|Any CPU.ActiveCfg = Debug|Any CPU
		{280D122D-105B-4CC5-98B2-4AC0A8542258}.Debug|Any CPU.Build.0 = Debug|Any CPU
		{280D122D-105B-4CC5-98B2-4AC0A8542258}.Release|Any CPU.ActiveCfg = Release|Any CPU
		{280D122D-105B-4CC5-98B2-4AC0A8542258}.Release|Any CPU.Build.0 = Release|Any CPU
		{2E73841A-38A9-4101-ADC0-FE8F7326B395}.Debug|Any CPU.ActiveCfg = Debug|Any CPU
		{2E73841A-38A9-4101-ADC0-FE8F7326B395}.Debug|Any CPU.Build.0 = Debug|Any CPU
		{2E73841A-38A9-4101-ADC0-FE8F7326B395}.Release|Any CPU.ActiveCfg = Release|Any CPU
		{2E73841A-38A9-4101-ADC0-FE8F7326B395}.Release|Any CPU.Build.0 = Release|Any CPU
		{E26707AA-65A7-4A74-B21F-ADDB4567FE56}.Debug|Any CPU.ActiveCfg = Debug|Any CPU
		{E26707AA-65A7-4A74-B21F-ADDB4567FE56}.Debug|Any CPU.Build.0 = Debug|Any CPU
		{E26707AA-65A7-4A74-B21F-ADDB4567FE56}.Release|Any CPU.ActiveCfg = Release|Any CPU
		{E26707AA-65A7-4A74-B21F-ADDB4567FE56}.Release|Any CPU.Build.0 = Release|Any CPU
		{86D2ADC8-EE70-434A-919A-2EDDEFDA2254}.Debug|Any CPU.ActiveCfg = Debug|Any CPU
		{86D2ADC8-EE70-434A-919A-2EDDEFDA2254}.Debug|Any CPU.Build.0 = Debug|Any CPU
		{86D2ADC8-EE70-434A-919A-2EDDEFDA2254}.Release|Any CPU.ActiveCfg = Release|Any CPU
		{86D2ADC8-EE70-434A-919A-2EDDEFDA2254}.Release|Any CPU.Build.0 = Release|Any CPU
		{17BA67A8-9FF1-4564-8B30-DBF9CE12D4C3}.Debug|Any CPU.ActiveCfg = Debug|Any CPU
		{17BA67A8-9FF1-4564-8B30-DBF9CE12D4C3}.Debug|Any CPU.Build.0 = Debug|Any CPU
		{17BA67A8-9FF1-4564-8B30-DBF9CE12D4C3}.Release|Any CPU.ActiveCfg = Release|Any CPU
		{17BA67A8-9FF1-4564-8B30-DBF9CE12D4C3}.Release|Any CPU.Build.0 = Release|Any CPU
		{A40805C5-E24D-45E4-A540-FEBD7B437BBB}.Debug|Any CPU.ActiveCfg = Debug|Any CPU
		{A40805C5-E24D-45E4-A540-FEBD7B437BBB}.Debug|Any CPU.Build.0 = Debug|Any CPU
		{A40805C5-E24D-45E4-A540-FEBD7B437BBB}.Release|Any CPU.ActiveCfg = Release|Any CPU
		{A40805C5-E24D-45E4-A540-FEBD7B437BBB}.Release|Any CPU.Build.0 = Release|Any CPU
		{2254AE28-AA21-4F7D-A2BB-620D462269AF}.Debug|Any CPU.ActiveCfg = Debug|Any CPU
		{2254AE28-AA21-4F7D-A2BB-620D462269AF}.Debug|Any CPU.Build.0 = Debug|Any CPU
		{2254AE28-AA21-4F7D-A2BB-620D462269AF}.Release|Any CPU.ActiveCfg = Release|Any CPU
		{2254AE28-AA21-4F7D-A2BB-620D462269AF}.Release|Any CPU.Build.0 = Release|Any CPU
		{44060062-36EE-429C-B107-724178A8B575}.Debug|Any CPU.ActiveCfg = Debug|Any CPU
		{44060062-36EE-429C-B107-724178A8B575}.Debug|Any CPU.Build.0 = Debug|Any CPU
		{44060062-36EE-429C-B107-724178A8B575}.Release|Any CPU.ActiveCfg = Release|Any CPU
		{44060062-36EE-429C-B107-724178A8B575}.Release|Any CPU.Build.0 = Release|Any CPU
		{B8DBB5A0-D024-40CE-AD32-2F70E5BD7980}.Debug|Any CPU.ActiveCfg = Debug|Any CPU
		{B8DBB5A0-D024-40CE-AD32-2F70E5BD7980}.Debug|Any CPU.Build.0 = Debug|Any CPU
		{B8DBB5A0-D024-40CE-AD32-2F70E5BD7980}.Release|Any CPU.ActiveCfg = Release|Any CPU
		{B8DBB5A0-D024-40CE-AD32-2F70E5BD7980}.Release|Any CPU.Build.0 = Release|Any CPU
		{BBAF8B2D-C656-40BA-A1F7-3A5BA542B900}.Debug|Any CPU.ActiveCfg = Debug|Any CPU
		{BBAF8B2D-C656-40BA-A1F7-3A5BA542B900}.Debug|Any CPU.Build.0 = Debug|Any CPU
		{BBAF8B2D-C656-40BA-A1F7-3A5BA542B900}.Release|Any CPU.ActiveCfg = Release|Any CPU
		{BBAF8B2D-C656-40BA-A1F7-3A5BA542B900}.Release|Any CPU.Build.0 = Release|Any CPU
	EndGlobalSection
	GlobalSection(SolutionProperties) = preSolution
		HideSolutionNode = FALSE
	EndGlobalSection
	GlobalSection(NestedProjects) = preSolution
		{E26707AA-65A7-4A74-B21F-ADDB4567FE56} = {17A59194-0E5F-4582-9679-C045C0F96F61}
		{86D2ADC8-EE70-434A-919A-2EDDEFDA2254} = {17A59194-0E5F-4582-9679-C045C0F96F61}
		{17BA67A8-9FF1-4564-8B30-DBF9CE12D4C3} = {17A59194-0E5F-4582-9679-C045C0F96F61}
		{A40805C5-E24D-45E4-A540-FEBD7B437BBB} = {17A59194-0E5F-4582-9679-C045C0F96F61}
		{2254AE28-AA21-4F7D-A2BB-620D462269AF} = {17A59194-0E5F-4582-9679-C045C0F96F61}
		{44060062-36EE-429C-B107-724178A8B575} = {17A59194-0E5F-4582-9679-C045C0F96F61}
		{B8DBB5A0-D024-40CE-AD32-2F70E5BD7980} = {17A59194-0E5F-4582-9679-C045C0F96F61}
	EndGlobalSection
	GlobalSection(ExtensibilityGlobals) = postSolution
		SolutionGuid = {EB69C248-AD27-4EF7-BC84-8B2DA8B9A47F}
	EndGlobalSection
EndGlobal
