
Microsoft Visual Studio Solution File, Format Version 12.00
# Visual Studio 15
VisualStudioVersion = 15.0.27130.2003
MinimumVisualStudioVersion = 10.0.40219.1
Project("{FAE04EC0-301F-11D3-BF4B-00C04F79EFBC}") = "CSharpTestConsole", "CSharpTestConsole\CSharpTestConsole.csproj", "{E1F6FDEB-01D3-47CC-AC34-2EF0814AA8F5}"
EndProject
Project("{FAE04EC0-301F-11D3-BF4B-00C04F79EFBC}") = "TestLibrary", "TestLibrary\TestLibrary.csproj", "{39AB3B77-01FA-4359-B204-1BA5D307302D}"
EndProject
Project("{FAE04EC0-301F-11D3-BF4B-00C04F79EFBC}") = "AutoLotDAL", "AutoLotDAL\AutoLotDAL.csproj", "{893EE7BC-FDBB-4A60-B279-D0B03713CA74}"
EndProject
Project("{FAE04EC0-301F-11D3-BF4B-00C04F79EFBC}") = "AutoLotDALEF", "AutoLotDALEF\AutoLotDALEF.csproj", "{30BE3AC5-C69E-47D4-BE7C-78A2BAD83784}"
EndProject
Global
	GlobalSection(SolutionConfigurationPlatforms) = preSolution
		Debug|Any CPU = Debug|Any CPU
		Release|Any CPU = Release|Any CPU
	EndGlobalSection
	GlobalSection(ProjectConfigurationPlatforms) = postSolution
		{E1F6FDEB-01D3-47CC-AC34-2EF0814AA8F5}.Debug|Any CPU.ActiveCfg = Debug|Any CPU
		{E1F6FDEB-01D3-47CC-AC34-2EF0814AA8F5}.Debug|Any CPU.Build.0 = Debug|Any CPU
		{E1F6FDEB-01D3-47CC-AC34-2EF0814AA8F5}.Release|Any CPU.ActiveCfg = Release|Any CPU
		{E1F6FDEB-01D3-47CC-AC34-2EF0814AA8F5}.Release|Any CPU.Build.0 = Release|Any CPU
		{39AB3B77-01FA-4359-B204-1BA5D307302D}.Debug|Any CPU.ActiveCfg = Debug|Any CPU
		{39AB3B77-01FA-4359-B204-1BA5D307302D}.Debug|Any CPU.Build.0 = Debug|Any CPU
		{39AB3B77-01FA-4359-B204-1BA5D307302D}.Release|Any CPU.ActiveCfg = Release|Any CPU
		{39AB3B77-01FA-4359-B204-1BA5D307302D}.Release|Any CPU.Build.0 = Release|Any CPU
		{893EE7BC-FDBB-4A60-B279-D0B03713CA74}.Debug|Any CPU.ActiveCfg = Debug|Any CPU
		{893EE7BC-FDBB-4A60-B279-D0B03713CA74}.Debug|Any CPU.Build.0 = Debug|Any CPU
		{893EE7BC-FDBB-4A60-B279-D0B03713CA74}.Release|Any CPU.ActiveCfg = Release|Any CPU
		{893EE7BC-FDBB-4A60-B279-D0B03713CA74}.Release|Any CPU.Build.0 = Release|Any CPU
		{30BE3AC5-C69E-47D4-BE7C-78A2BAD83784}.Debug|Any CPU.ActiveCfg = Debug|Any CPU
		{30BE3AC5-C69E-47D4-BE7C-78A2BAD83784}.Debug|Any CPU.Build.0 = Debug|Any CPU
		{30BE3AC5-C69E-47D4-BE7C-78A2BAD83784}.Release|Any CPU.ActiveCfg = Release|Any CPU
		{30BE3AC5-C69E-47D4-BE7C-78A2BAD83784}.Release|Any CPU.Build.0 = Release|Any CPU
	EndGlobalSection
	GlobalSection(SolutionProperties) = preSolution
		HideSolutionNode = FALSE
	EndGlobalSection
	GlobalSection(ExtensibilityGlobals) = postSolution
		SolutionGuid = {7585C1D6-0831-49A7-A81F-4964A6171B38}
	EndGlobalSection
EndGlobal
