
Microsoft Visual Studio Solution File, Format Version 12.00
# Visual Studio 15
VisualStudioVersion = 15.0.27130.2003
MinimumVisualStudioVersion = 10.0.40219.1
Project("{FAE04EC0-301F-11D3-BF4B-00C04F79EFBC}") = "LanguageFeatures", "LanguageFeatures\LanguageFeatures.csproj", "{31997242-A073-4BD9-B4CC-4B09A20843CB}"
EndProject
Global
	GlobalSection(SolutionConfigurationPlatforms) = preSolution
		Debug|Any CPU = Debug|Any CPU
		Release|Any CPU = Release|Any CPU
	EndGlobalSection
	GlobalSection(ProjectConfigurationPlatforms) = postSolution
		{31997242-A073-4BD9-B4CC-4B09A20843CB}.Debug|Any CPU.ActiveCfg = Debug|Any CPU
		{31997242-A073-4BD9-B4CC-4B09A20843CB}.Debug|Any CPU.Build.0 = Debug|Any CPU
		{31997242-A073-4BD9-B4CC-4B09A20843CB}.Release|Any CPU.ActiveCfg = Release|Any CPU
		{31997242-A073-4BD9-B4CC-4B09A20843CB}.Release|Any CPU.Build.0 = Release|Any CPU
	EndGlobalSection
	GlobalSection(SolutionProperties) = preSolution
		HideSolutionNode = FALSE
	EndGlobalSection
	GlobalSection(ExtensibilityGlobals) = postSolution
		SolutionGuid = {E7037B9F-C8CE-4C58-B450-4BC74E66D5BE}
	EndGlobalSection
EndGlobal
