
Microsoft Visual Studio Solution File, Format Version 12.00
# Visual Studio 15
VisualStudioVersion = 15.0.27130.2003
MinimumVisualStudioVersion = 10.0.40219.1
Project("{FAE04EC0-301F-11D3-BF4B-00C04F79EFBC}") = "TempConsole", "TempConsole\TempConsole.csproj", "{8D27BC8B-2C56-4B3F-B322-21A58134DD4D}"
EndProject
Project("{FAE04EC0-301F-11D3-BF4B-00C04F79EFBC}") = "ClassLibrary1", "ClassLibrary1\ClassLibrary1.csproj", "{20F88E08-6453-4929-AB59-F73462E1CD12}"
EndProject
Global
	GlobalSection(SolutionConfigurationPlatforms) = preSolution
		Debug|Any CPU = Debug|Any CPU
		Release|Any CPU = Release|Any CPU
	EndGlobalSection
	GlobalSection(ProjectConfigurationPlatforms) = postSolution
		{8D27BC8B-2C56-4B3F-B322-21A58134DD4D}.Debug|Any CPU.ActiveCfg = Debug|Any CPU
		{8D27BC8B-2C56-4B3F-B322-21A58134DD4D}.Debug|Any CPU.Build.0 = Debug|Any CPU
		{8D27BC8B-2C56-4B3F-B322-21A58134DD4D}.Release|Any CPU.ActiveCfg = Release|Any CPU
		{8D27BC8B-2C56-4B3F-B322-21A58134DD4D}.Release|Any CPU.Build.0 = Release|Any CPU
		{20F88E08-6453-4929-AB59-F73462E1CD12}.Debug|Any CPU.ActiveCfg = Debug|Any CPU
		{20F88E08-6453-4929-AB59-F73462E1CD12}.Debug|Any CPU.Build.0 = Debug|Any CPU
		{20F88E08-6453-4929-AB59-F73462E1CD12}.Release|Any CPU.ActiveCfg = Release|Any CPU
		{20F88E08-6453-4929-AB59-F73462E1CD12}.Release|Any CPU.Build.0 = Release|Any CPU
	EndGlobalSection
	GlobalSection(SolutionProperties) = preSolution
		HideSolutionNode = FALSE
	EndGlobalSection
	GlobalSection(ExtensibilityGlobals) = postSolution
		SolutionGuid = {6F82E1DB-AB63-4E32-983C-69048461CD62}
	EndGlobalSection
EndGlobal
