
Microsoft Visual Studio Solution File, Format Version 12.00
# Visual Studio 15
VisualStudioVersion = 15.0.27130.2003
MinimumVisualStudioVersion = 10.0.40219.1
Project("{FAE04EC0-301F-11D3-BF4B-00C04F79EFBC}") = "SportStore.Domain", "SportStore.Domain\SportStore.Domain.csproj", "{1C86E8B5-98CC-4673-A71C-B74F31FBE84E}"
EndProject
Project("{FAE04EC0-301F-11D3-BF4B-00C04F79EFBC}") = "SportStore.WebUI", "SportStore.WebUI\SportStore.WebUI.csproj", "{0B8F0315-F4B0-4DAF-B2FF-77413BBF88D1}"
EndProject
Project("{FAE04EC0-301F-11D3-BF4B-00C04F79EFBC}") = "SportStore.UnitTests", "SportStore.UnitTests\SportStore.UnitTests.csproj", "{1EA8D779-53D8-4B2F-A5DD-E23E19F5E09E}"
EndProject
Global
	GlobalSection(SolutionConfigurationPlatforms) = preSolution
		Debug|Any CPU = Debug|Any CPU
		Release|Any CPU = Release|Any CPU
	EndGlobalSection
	GlobalSection(ProjectConfigurationPlatforms) = postSolution
		{1C86E8B5-98CC-4673-A71C-B74F31FBE84E}.Debug|Any CPU.ActiveCfg = Debug|Any CPU
		{1C86E8B5-98CC-4673-A71C-B74F31FBE84E}.Debug|Any CPU.Build.0 = Debug|Any CPU
		{1C86E8B5-98CC-4673-A71C-B74F31FBE84E}.Release|Any CPU.ActiveCfg = Release|Any CPU
		{1C86E8B5-98CC-4673-A71C-B74F31FBE84E}.Release|Any CPU.Build.0 = Release|Any CPU
		{0B8F0315-F4B0-4DAF-B2FF-77413BBF88D1}.Debug|Any CPU.ActiveCfg = Debug|Any CPU
		{0B8F0315-F4B0-4DAF-B2FF-77413BBF88D1}.Debug|Any CPU.Build.0 = Debug|Any CPU
		{0B8F0315-F4B0-4DAF-B2FF-77413BBF88D1}.Release|Any CPU.ActiveCfg = Release|Any CPU
		{0B8F0315-F4B0-4DAF-B2FF-77413BBF88D1}.Release|Any CPU.Build.0 = Release|Any CPU
		{1EA8D779-53D8-4B2F-A5DD-E23E19F5E09E}.Debug|Any CPU.ActiveCfg = Debug|Any CPU
		{1EA8D779-53D8-4B2F-A5DD-E23E19F5E09E}.Debug|Any CPU.Build.0 = Debug|Any CPU
		{1EA8D779-53D8-4B2F-A5DD-E23E19F5E09E}.Release|Any CPU.ActiveCfg = Release|Any CPU
		{1EA8D779-53D8-4B2F-A5DD-E23E19F5E09E}.Release|Any CPU.Build.0 = Release|Any CPU
	EndGlobalSection
	GlobalSection(SolutionProperties) = preSolution
		HideSolutionNode = FALSE
	EndGlobalSection
	GlobalSection(ExtensibilityGlobals) = postSolution
		SolutionGuid = {5546212E-DC1B-4546-ADE9-0ED36CFC522D}
	EndGlobalSection
EndGlobal
