
Microsoft Visual Studio Solution File, Format Version 12.00
# Visual Studio 15
VisualStudioVersion = 15.0.28307.572
MinimumVisualStudioVersion = 10.0.40219.1
Project("{FAE04EC0-301F-11D3-BF4B-00C04F79EFBC}") = "TestTask", "TestTask\TestTask.csproj", "{A7D28BB9-BA70-4C29-9401-ADC29DE14032}"
EndProject
Project("{FAE04EC0-301F-11D3-BF4B-00C04F79EFBC}") = "TestTask.Tests", "TestTask.Tests\TestTask.Tests.csproj", "{2196C945-2453-4AB4-907B-23F0F2CA3459}"
EndProject
Project("{FAE04EC0-301F-11D3-BF4B-00C04F79EFBC}") = "StoreDataBase", "StoreDataBase\StoreDataBase.csproj", "{948D97D6-3A5E-4A70-BE0E-1CF0500DC3B8}"
EndProject
Global
	GlobalSection(SolutionConfigurationPlatforms) = preSolution
		Debug|Any CPU = Debug|Any CPU
		Release|Any CPU = Release|Any CPU
	EndGlobalSection
	GlobalSection(ProjectConfigurationPlatforms) = postSolution
		{A7D28BB9-BA70-4C29-9401-ADC29DE14032}.Debug|Any CPU.ActiveCfg = Debug|Any CPU
		{A7D28BB9-BA70-4C29-9401-ADC29DE14032}.Debug|Any CPU.Build.0 = Debug|Any CPU
		{A7D28BB9-BA70-4C29-9401-ADC29DE14032}.Release|Any CPU.ActiveCfg = Release|Any CPU
		{A7D28BB9-BA70-4C29-9401-ADC29DE14032}.Release|Any CPU.Build.0 = Release|Any CPU
		{2196C945-2453-4AB4-907B-23F0F2CA3459}.Debug|Any CPU.ActiveCfg = Debug|Any CPU
		{2196C945-2453-4AB4-907B-23F0F2CA3459}.Debug|Any CPU.Build.0 = Debug|Any CPU
		{2196C945-2453-4AB4-907B-23F0F2CA3459}.Release|Any CPU.ActiveCfg = Release|Any CPU
		{2196C945-2453-4AB4-907B-23F0F2CA3459}.Release|Any CPU.Build.0 = Release|Any CPU
		{948D97D6-3A5E-4A70-BE0E-1CF0500DC3B8}.Debug|Any CPU.ActiveCfg = Debug|Any CPU
		{948D97D6-3A5E-4A70-BE0E-1CF0500DC3B8}.Debug|Any CPU.Build.0 = Debug|Any CPU
		{948D97D6-3A5E-4A70-BE0E-1CF0500DC3B8}.Release|Any CPU.ActiveCfg = Release|Any CPU
		{948D97D6-3A5E-4A70-BE0E-1CF0500DC3B8}.Release|Any CPU.Build.0 = Release|Any CPU
	EndGlobalSection
	GlobalSection(SolutionProperties) = preSolution
		HideSolutionNode = FALSE
	EndGlobalSection
	GlobalSection(ExtensibilityGlobals) = postSolution
		SolutionGuid = {DAF61789-7C67-4D82-B889-57C1FCB8918C}
	EndGlobalSection
EndGlobal
