
Microsoft Visual Studio Solution File, Format Version 12.00
# Visual Studio 15
VisualStudioVersion = 15.0.27130.2003
MinimumVisualStudioVersion = 10.0.40219.1
Project("{FAE04EC0-301F-11D3-BF4B-00C04F79EFBC}") = "DBWithNullSpace", "DBWithNullSpace\DBWithNullSpace.csproj", "{913E6D6C-0748-45AA-8675-9E5788AA6176}"
EndProject
Project("{FAE04EC0-301F-11D3-BF4B-00C04F79EFBC}") = "DbLogic", "DbLogic\DbLogic.csproj", "{71AC2ECB-6F83-448F-AD42-614CC7D3AADC}"
EndProject
Global
	GlobalSection(SolutionConfigurationPlatforms) = preSolution
		Debug|Any CPU = Debug|Any CPU
		Release|Any CPU = Release|Any CPU
	EndGlobalSection
	GlobalSection(ProjectConfigurationPlatforms) = postSolution
		{913E6D6C-0748-45AA-8675-9E5788AA6176}.Debug|Any CPU.ActiveCfg = Debug|Any CPU
		{913E6D6C-0748-45AA-8675-9E5788AA6176}.Debug|Any CPU.Build.0 = Debug|Any CPU
		{913E6D6C-0748-45AA-8675-9E5788AA6176}.Release|Any CPU.ActiveCfg = Release|Any CPU
		{913E6D6C-0748-45AA-8675-9E5788AA6176}.Release|Any CPU.Build.0 = Release|Any CPU
		{71AC2ECB-6F83-448F-AD42-614CC7D3AADC}.Debug|Any CPU.ActiveCfg = Debug|Any CPU
		{71AC2ECB-6F83-448F-AD42-614CC7D3AADC}.Debug|Any CPU.Build.0 = Debug|Any CPU
		{71AC2ECB-6F83-448F-AD42-614CC7D3AADC}.Release|Any CPU.ActiveCfg = Release|Any CPU
		{71AC2ECB-6F83-448F-AD42-614CC7D3AADC}.Release|Any CPU.Build.0 = Release|Any CPU
	EndGlobalSection
	GlobalSection(SolutionProperties) = preSolution
		HideSolutionNode = FALSE
	EndGlobalSection
	GlobalSection(ExtensibilityGlobals) = postSolution
		SolutionGuid = {8CFE394D-BAAB-41AE-BF5F-8FB068163FA0}
	EndGlobalSection
EndGlobal
