
Microsoft Visual Studio Solution File, Format Version 12.00
# Visual Studio 15
VisualStudioVersion = 15.0.27130.2003
MinimumVisualStudioVersion = 10.0.40219.1
Project("{FAE04EC0-301F-11D3-BF4B-00C04F79EFBC}") = "TestDb", "TestDb\TestDb.csproj", "{A72D3977-6147-4406-9198-5E170F2A5788}"
EndProject
Global
	GlobalSection(SolutionConfigurationPlatforms) = preSolution
		Debug|Any CPU = Debug|Any CPU
		Release|Any CPU = Release|Any CPU
	EndGlobalSection
	GlobalSection(ProjectConfigurationPlatforms) = postSolution
		{A72D3977-6147-4406-9198-5E170F2A5788}.Debug|Any CPU.ActiveCfg = Debug|Any CPU
		{A72D3977-6147-4406-9198-5E170F2A5788}.Debug|Any CPU.Build.0 = Debug|Any CPU
		{A72D3977-6147-4406-9198-5E170F2A5788}.Release|Any CPU.ActiveCfg = Release|Any CPU
		{A72D3977-6147-4406-9198-5E170F2A5788}.Release|Any CPU.Build.0 = Release|Any CPU
	EndGlobalSection
	GlobalSection(SolutionProperties) = preSolution
		HideSolutionNode = FALSE
	EndGlobalSection
	GlobalSection(ExtensibilityGlobals) = postSolution
		SolutionGuid = {9EE22115-5AEB-4C91-BBD2-9C41EC84BA9A}
	EndGlobalSection
EndGlobal
